
Microsoft Visual Studio Solution File, Format Version 12.00
# Visual Studio Version 16
VisualStudioVersion = 16.0.31105.61
MinimumVisualStudioVersion = 10.0.40219.1
Project("{FAE04EC0-301F-11D3-BF4B-00C04F79EFBC}") = "App1.Android", "App1\App1.Android\App1.Android.csproj", "{5961F98C-819F-4847-AD10-5BC6961A7680}"
EndProject
Project("{FAE04EC0-301F-11D3-BF4B-00C04F79EFBC}") = "App1.iOS", "App1\App1.iOS\App1.iOS.csproj", "{290AF34D-2F0B-4361-81AC-6C9E388FD1F6}"
EndProject
Project("{FAE04EC0-301F-11D3-BF4B-00C04F79EFBC}") = "App1", "App1\App1\App1.csproj", "{EF6C9DFC-D1A8-40A1-A479-2A26163B83B1}"
EndProject
Global
	GlobalSection(SolutionConfigurationPlatforms) = preSolution
		Debug|Any CPU = Debug|Any CPU
		Debug|iPhone = Debug|iPhone
		Debug|iPhoneSimulator = Debug|iPhoneSimulator
		Release|Any CPU = Release|Any CPU
		Release|iPhone = Release|iPhone
		Release|iPhoneSimulator = Release|iPhoneSimulator
	EndGlobalSection
	GlobalSection(ProjectConfigurationPlatforms) = postSolution
		{5961F98C-819F-4847-AD10-5BC6961A7680}.Debug|Any CPU.ActiveCfg = Debug|Any CPU
		{5961F98C-819F-4847-AD10-5BC6961A7680}.Debug|Any CPU.Build.0 = Debug|Any CPU
		{5961F98C-819F-4847-AD10-5BC6961A7680}.Debug|Any CPU.Deploy.0 = Debug|Any CPU
		{5961F98C-819F-4847-AD10-5BC6961A7680}.Debug|iPhone.ActiveCfg = Debug|Any CPU
		{5961F98C-819F-4847-AD10-5BC6961A7680}.Debug|iPhone.Build.0 = Debug|Any CPU
		{5961F98C-819F-4847-AD10-5BC6961A7680}.Debug|iPhone.Deploy.0 = Debug|Any CPU
		{5961F98C-819F-4847-AD10-5BC6961A7680}.Debug|iPhoneSimulator.ActiveCfg = Debug|Any CPU
		{5961F98C-819F-4847-AD10-5BC6961A7680}.Debug|iPhoneSimulator.Build.0 = Debug|Any CPU
		{5961F98C-819F-4847-AD10-5BC6961A7680}.Debug|iPhoneSimulator.Deploy.0 = Debug|Any CPU
		{5961F98C-819F-4847-AD10-5BC6961A7680}.Release|Any CPU.ActiveCfg = Release|Any CPU
		{5961F98C-819F-4847-AD10-5BC6961A7680}.Release|Any CPU.Build.0 = Release|Any CPU
		{5961F98C-819F-4847-AD10-5BC6961A7680}.Release|Any CPU.Deploy.0 = Release|Any CPU
		{5961F98C-819F-4847-AD10-5BC6961A7680}.Release|iPhone.ActiveCfg = Release|Any CPU
		{5961F98C-819F-4847-AD10-5BC6961A7680}.Release|iPhone.Build.0 = Release|Any CPU
		{5961F98C-819F-4847-AD10-5BC6961A7680}.Release|iPhone.Deploy.0 = Release|Any CPU
		{5961F98C-819F-4847-AD10-5BC6961A7680}.Release|iPhoneSimulator.ActiveCfg = Release|Any CPU
		{5961F98C-819F-4847-AD10-5BC6961A7680}.Release|iPhoneSimulator.Build.0 = Release|Any CPU
		{5961F98C-819F-4847-AD10-5BC6961A7680}.Release|iPhoneSimulator.Deploy.0 = Release|Any CPU
		{290AF34D-2F0B-4361-81AC-6C9E388FD1F6}.Debug|Any CPU.ActiveCfg = Debug|iPhone
		{290AF34D-2F0B-4361-81AC-6C9E388FD1F6}.Debug|Any CPU.Build.0 = Debug|iPhone
		{290AF34D-2F0B-4361-81AC-6C9E388FD1F6}.Debug|Any CPU.Deploy.0 = Debug|iPhone
		{290AF34D-2F0B-4361-81AC-6C9E388FD1F6}.Debug|iPhone.ActiveCfg = Debug|iPhone
		{290AF34D-2F0B-4361-81AC-6C9E388FD1F6}.Debug|iPhone.Build.0 = Debug|iPhone
		{290AF34D-2F0B-4361-81AC-6C9E388FD1F6}.Debug|iPhone.Deploy.0 = Debug|iPhone
		{290AF34D-2F0B-4361-81AC-6C9E388FD1F6}.Debug|iPhoneSimulator.ActiveCfg = Debug|iPhoneSimulator
		{290AF34D-2F0B-4361-81AC-6C9E388FD1F6}.Debug|iPhoneSimulator.Build.0 = Debug|iPhoneSimulator
		{290AF34D-2F0B-4361-81AC-6C9E388FD1F6}.Debug|iPhoneSimulator.Deploy.0 = Debug|iPhoneSimulator
		{290AF34D-2F0B-4361-81AC-6C9E388FD1F6}.Release|Any CPU.ActiveCfg = Release|iPhoneSimulator
		{290AF34D-2F0B-4361-81AC-6C9E388FD1F6}.Release|Any CPU.Build.0 = Release|iPhoneSimulator
		{290AF34D-2F0B-4361-81AC-6C9E388FD1F6}.Release|Any CPU.Deploy.0 = Release|iPhoneSimulator
		{290AF34D-2F0B-4361-81AC-6C9E388FD1F6}.Release|iPhone.ActiveCfg = Release|iPhone
		{290AF34D-2F0B-4361-81AC-6C9E388FD1F6}.Release|iPhone.Build.0 = Release|iPhone
		{290AF34D-2F0B-4361-81AC-6C9E388FD1F6}.Release|iPhone.Deploy.0 = Release|iPhone
		{290AF34D-2F0B-4361-81AC-6C9E388FD1F6}.Release|iPhoneSimulator.ActiveCfg = Release|iPhoneSimulator
		{290AF34D-2F0B-4361-81AC-6C9E388FD1F6}.Release|iPhoneSimulator.Build.0 = Release|iPhoneSimulator
		{290AF34D-2F0B-4361-81AC-6C9E388FD1F6}.Release|iPhoneSimulator.Deploy.0 = Release|iPhoneSimulator
		{EF6C9DFC-D1A8-40A1-A479-2A26163B83B1}.Debug|Any CPU.ActiveCfg = Debug|Any CPU
		{EF6C9DFC-D1A8-40A1-A479-2A26163B83B1}.Debug|Any CPU.Build.0 = Debug|Any CPU
		{EF6C9DFC-D1A8-40A1-A479-2A26163B83B1}.Debug|Any CPU.Deploy.0 = Debug|Any CPU
		{EF6C9DFC-D1A8-40A1-A479-2A26163B83B1}.Debug|iPhone.ActiveCfg = Debug|Any CPU
		{EF6C9DFC-D1A8-40A1-A479-2A26163B83B1}.Debug|iPhone.Build.0 = Debug|Any CPU
		{EF6C9DFC-D1A8-40A1-A479-2A26163B83B1}.Debug|iPhone.Deploy.0 = Debug|Any CPU
		{EF6C9DFC-D1A8-40A1-A479-2A26163B83B1}.Debug|iPhoneSimulator.ActiveCfg = Debug|Any CPU
		{EF6C9DFC-D1A8-40A1-A479-2A26163B83B1}.Debug|iPhoneSimulator.Build.0 = Debug|Any CPU
		{EF6C9DFC-D1A8-40A1-A479-2A26163B83B1}.Debug|iPhoneSimulator.Deploy.0 = Debug|Any CPU
		{EF6C9DFC-D1A8-40A1-A479-2A26163B83B1}.Release|Any CPU.ActiveCfg = Release|Any CPU
		{EF6C9DFC-D1A8-40A1-A479-2A26163B83B1}.Release|Any CPU.Build.0 = Release|Any CPU
		{EF6C9DFC-D1A8-40A1-A479-2A26163B83B1}.Release|Any CPU.Deploy.0 = Release|Any CPU
		{EF6C9DFC-D1A8-40A1-A479-2A26163B83B1}.Release|iPhone.ActiveCfg = Release|Any CPU
		{EF6C9DFC-D1A8-40A1-A479-2A26163B83B1}.Release|iPhone.Build.0 = Release|Any CPU
		{EF6C9DFC-D1A8-40A1-A479-2A26163B83B1}.Release|iPhone.Deploy.0 = Release|Any CPU
		{EF6C9DFC-D1A8-40A1-A479-2A26163B83B1}.Release|iPhoneSimulator.ActiveCfg = Release|Any CPU
		{EF6C9DFC-D1A8-40A1-A479-2A26163B83B1}.Release|iPhoneSimulator.Build.0 = Release|Any CPU
		{EF6C9DFC-D1A8-40A1-A479-2A26163B83B1}.Release|iPhoneSimulator.Deploy.0 = Release|Any CPU
	EndGlobalSection
	GlobalSection(SolutionProperties) = preSolution
		HideSolutionNode = FALSE
	EndGlobalSection
	GlobalSection(ExtensibilityGlobals) = postSolution
		SolutionGuid = {F82049FB-A31D-46AF-9B1F-64B49F5D91D0}
	EndGlobalSection
EndGlobal
